
Microsoft Visual Studio Solution File, Format Version 12.00
# Visual Studio Version 17
VisualStudioVersion = 17.4.33213.308
MinimumVisualStudioVersion = 10.0.40219.1
Project("{FAE04EC0-301F-11D3-BF4B-00C04F79EFBC}") = "WpfAppDemo", "WpfAppDemo.csproj", "{ADB0D180-923D-415E-8351-EBCB3E49E728}"
EndProject
Global
	GlobalSection(SolutionConfigurationPlatforms) = preSolution
		Debug|Any CPU = Debug|Any CPU
		Release|Any CPU = Release|Any CPU
	EndGlobalSection
	GlobalSection(ProjectConfigurationPlatforms) = postSolution
		{ADB0D180-923D-415E-8351-EBCB3E49E728}.Debug|Any CPU.ActiveCfg = Debug|Any CPU
		{ADB0D180-923D-415E-8351-EBCB3E49E728}.Debug|Any CPU.Build.0 = Debug|Any CPU
		{ADB0D180-923D-415E-8351-EBCB3E49E728}.Release|Any CPU.ActiveCfg = Release|Any CPU
		{ADB0D180-923D-415E-8351-EBCB3E49E728}.Release|Any CPU.Build.0 = Release|Any CPU
	EndGlobalSection
	GlobalSection(SolutionProperties) = preSolution
		HideSolutionNode = FALSE
	EndGlobalSection
	GlobalSection(ExtensibilityGlobals) = postSolution
		SolutionGuid = {D29DD743-37A3-4452-9140-5D38EE240E01}
	EndGlobalSection
EndGlobal
